
Microsoft Visual Studio Solution File, Format Version 12.00
# Visual Studio Version 17
VisualStudioVersion = 17.0.32112.339
MinimumVisualStudioVersion = 10.0.40219.1
Project("{FAE04EC0-301F-11D3-BF4B-00C04F79EFBC}") = "SerieFibonacci", "SerieFibonacci\SerieFibonacci.csproj", "{D818000E-EFF8-4B7B-9258-30903EBA1D4A}"
EndProject
Project("{FAE04EC0-301F-11D3-BF4B-00C04F79EFBC}") = "TestSerieFibonacci", "TestSerieFibonacci\TestSerieFibonacci.csproj", "{9F30448A-7E5A-44D6-AC46-AC6048A033E4}"
EndProject
Project("{FAE04EC0-301F-11D3-BF4B-00C04F79EFBC}") = "Logica", "SerieService\Logica.csproj", "{8AC31B08-3653-4F18-9AFF-D7097DE50871}"
EndProject
Global
	GlobalSection(SolutionConfigurationPlatforms) = preSolution
		Debug|Any CPU = Debug|Any CPU
		Release|Any CPU = Release|Any CPU
	EndGlobalSection
	GlobalSection(ProjectConfigurationPlatforms) = postSolution
		{D818000E-EFF8-4B7B-9258-30903EBA1D4A}.Debug|Any CPU.ActiveCfg = Debug|Any CPU
		{D818000E-EFF8-4B7B-9258-30903EBA1D4A}.Debug|Any CPU.Build.0 = Debug|Any CPU
		{D818000E-EFF8-4B7B-9258-30903EBA1D4A}.Release|Any CPU.ActiveCfg = Release|Any CPU
		{D818000E-EFF8-4B7B-9258-30903EBA1D4A}.Release|Any CPU.Build.0 = Release|Any CPU
		{9F30448A-7E5A-44D6-AC46-AC6048A033E4}.Debug|Any CPU.ActiveCfg = Debug|Any CPU
		{9F30448A-7E5A-44D6-AC46-AC6048A033E4}.Debug|Any CPU.Build.0 = Debug|Any CPU
		{9F30448A-7E5A-44D6-AC46-AC6048A033E4}.Release|Any CPU.ActiveCfg = Release|Any CPU
		{9F30448A-7E5A-44D6-AC46-AC6048A033E4}.Release|Any CPU.Build.0 = Release|Any CPU
		{8AC31B08-3653-4F18-9AFF-D7097DE50871}.Debug|Any CPU.ActiveCfg = Debug|Any CPU
		{8AC31B08-3653-4F18-9AFF-D7097DE50871}.Debug|Any CPU.Build.0 = Debug|Any CPU
		{8AC31B08-3653-4F18-9AFF-D7097DE50871}.Release|Any CPU.ActiveCfg = Release|Any CPU
		{8AC31B08-3653-4F18-9AFF-D7097DE50871}.Release|Any CPU.Build.0 = Release|Any CPU
	EndGlobalSection
	GlobalSection(SolutionProperties) = preSolution
		HideSolutionNode = FALSE
	EndGlobalSection
	GlobalSection(ExtensibilityGlobals) = postSolution
		SolutionGuid = {9E9D85C5-C2ED-4364-BD0E-80AE68EE6690}
	EndGlobalSection
EndGlobal
